
Microsoft Visual Studio Solution File, Format Version 12.00
# Visual Studio Version 17
VisualStudioVersion = 17.2.32630.192
MinimumVisualStudioVersion = 10.0.40219.1
Project("{9A19103F-16F7-4668-BE54-9A1E7A4F7556}") = "Cadastro.Api", "src\Cadastro.Api\Cadastro.Api.csproj", "{52799CAC-5A10-4F0C-A695-4721FDB3ABDD}"
EndProject
Project("{9A19103F-16F7-4668-BE54-9A1E7A4F7556}") = "Cadastro.Cliente.Domain", "src\Cadastro.Cliente.Domain\Cadastro.Cliente.Domain.csproj", "{0991302D-6E09-448D-8623-19C3952A6681}"
EndProject
Project("{9A19103F-16F7-4668-BE54-9A1E7A4F7556}") = "Cadastro.Cliente.Infra.Data", "src\Cadastro.Cliente.Infra.Data\Cadastro.Cliente.Infra.Data.csproj", "{6CF4A49F-249B-4A8A-BA39-D0429F304F8D}"
EndProject
Project("{9A19103F-16F7-4668-BE54-9A1E7A4F7556}") = "Cadastro.Cliente.Application", "src\Cadastro.Cliente.Application\Cadastro.Cliente.Application.csproj", "{8DF62B35-7E89-4E1D-92E8-AAD3FCAD713D}"
EndProject
Project("{9A19103F-16F7-4668-BE54-9A1E7A4F7556}") = "Cadastro.Core", "src\Cadastro.Core\Cadastro.Core.csproj", "{771EFA4B-194E-4F2F-9FFD-84EC4C98DF08}"
EndProject
Project("{9A19103F-16F7-4668-BE54-9A1E7A4F7556}") = "Cadastro.Cliente.Infra.Messages", "src\Cadastro.Cliente.Infra.Messages\Cadastro.Cliente.Infra.Messages.csproj", "{4CF807C0-6107-4B63-87F1-FA65F9943F1A}"
EndProject
Project("{2150E333-8FDC-42A3-9474-1A3956D46DE8}") = "WebApi", "WebApi", "{6C2909ED-650C-42D9-9840-AB4DA78C9083}"
EndProject
Project("{2150E333-8FDC-42A3-9474-1A3956D46DE8}") = "Services", "Services", "{982AEBF7-3471-4A99-B741-C33A5FFA5543}"
EndProject
Project("{2150E333-8FDC-42A3-9474-1A3956D46DE8}") = "Cliente", "Cliente", "{4C39D56F-28BC-4B4B-B276-5AD9C044FE80}"
EndProject
Project("{2150E333-8FDC-42A3-9474-1A3956D46DE8}") = "Core", "Core", "{08C0D3E8-77C9-4BD5-9643-4EB736BE82E3}"
EndProject
Global
	GlobalSection(SolutionConfigurationPlatforms) = preSolution
		Debug|Any CPU = Debug|Any CPU
		Release|Any CPU = Release|Any CPU
	EndGlobalSection
	GlobalSection(ProjectConfigurationPlatforms) = postSolution
		{52799CAC-5A10-4F0C-A695-4721FDB3ABDD}.Debug|Any CPU.ActiveCfg = Debug|Any CPU
		{52799CAC-5A10-4F0C-A695-4721FDB3ABDD}.Debug|Any CPU.Build.0 = Debug|Any CPU
		{52799CAC-5A10-4F0C-A695-4721FDB3ABDD}.Release|Any CPU.ActiveCfg = Release|Any CPU
		{52799CAC-5A10-4F0C-A695-4721FDB3ABDD}.Release|Any CPU.Build.0 = Release|Any CPU
		{0991302D-6E09-448D-8623-19C3952A6681}.Debug|Any CPU.ActiveCfg = Debug|Any CPU
		{0991302D-6E09-448D-8623-19C3952A6681}.Debug|Any CPU.Build.0 = Debug|Any CPU
		{0991302D-6E09-448D-8623-19C3952A6681}.Release|Any CPU.ActiveCfg = Release|Any CPU
		{0991302D-6E09-448D-8623-19C3952A6681}.Release|Any CPU.Build.0 = Release|Any CPU
		{6CF4A49F-249B-4A8A-BA39-D0429F304F8D}.Debug|Any CPU.ActiveCfg = Debug|Any CPU
		{6CF4A49F-249B-4A8A-BA39-D0429F304F8D}.Debug|Any CPU.Build.0 = Debug|Any CPU
		{6CF4A49F-249B-4A8A-BA39-D0429F304F8D}.Release|Any CPU.ActiveCfg = Release|Any CPU
		{6CF4A49F-249B-4A8A-BA39-D0429F304F8D}.Release|Any CPU.Build.0 = Release|Any CPU
		{8DF62B35-7E89-4E1D-92E8-AAD3FCAD713D}.Debug|Any CPU.ActiveCfg = Debug|Any CPU
		{8DF62B35-7E89-4E1D-92E8-AAD3FCAD713D}.Debug|Any CPU.Build.0 = Debug|Any CPU
		{8DF62B35-7E89-4E1D-92E8-AAD3FCAD713D}.Release|Any CPU.ActiveCfg = Release|Any CPU
		{8DF62B35-7E89-4E1D-92E8-AAD3FCAD713D}.Release|Any CPU.Build.0 = Release|Any CPU
		{771EFA4B-194E-4F2F-9FFD-84EC4C98DF08}.Debug|Any CPU.ActiveCfg = Debug|Any CPU
		{771EFA4B-194E-4F2F-9FFD-84EC4C98DF08}.Debug|Any CPU.Build.0 = Debug|Any CPU
		{771EFA4B-194E-4F2F-9FFD-84EC4C98DF08}.Release|Any CPU.ActiveCfg = Release|Any CPU
		{771EFA4B-194E-4F2F-9FFD-84EC4C98DF08}.Release|Any CPU.Build.0 = Release|Any CPU
		{4CF807C0-6107-4B63-87F1-FA65F9943F1A}.Debug|Any CPU.ActiveCfg = Debug|Any CPU
		{4CF807C0-6107-4B63-87F1-FA65F9943F1A}.Debug|Any CPU.Build.0 = Debug|Any CPU
		{4CF807C0-6107-4B63-87F1-FA65F9943F1A}.Release|Any CPU.ActiveCfg = Release|Any CPU
		{4CF807C0-6107-4B63-87F1-FA65F9943F1A}.Release|Any CPU.Build.0 = Release|Any CPU
	EndGlobalSection
	GlobalSection(SolutionProperties) = preSolution
		HideSolutionNode = FALSE
	EndGlobalSection
	GlobalSection(NestedProjects) = preSolution
		{52799CAC-5A10-4F0C-A695-4721FDB3ABDD} = {6C2909ED-650C-42D9-9840-AB4DA78C9083}
		{0991302D-6E09-448D-8623-19C3952A6681} = {4C39D56F-28BC-4B4B-B276-5AD9C044FE80}
		{6CF4A49F-249B-4A8A-BA39-D0429F304F8D} = {4C39D56F-28BC-4B4B-B276-5AD9C044FE80}
		{8DF62B35-7E89-4E1D-92E8-AAD3FCAD713D} = {4C39D56F-28BC-4B4B-B276-5AD9C044FE80}
		{771EFA4B-194E-4F2F-9FFD-84EC4C98DF08} = {08C0D3E8-77C9-4BD5-9643-4EB736BE82E3}
		{4CF807C0-6107-4B63-87F1-FA65F9943F1A} = {4C39D56F-28BC-4B4B-B276-5AD9C044FE80}
		{4C39D56F-28BC-4B4B-B276-5AD9C044FE80} = {982AEBF7-3471-4A99-B741-C33A5FFA5543}
		{08C0D3E8-77C9-4BD5-9643-4EB736BE82E3} = {982AEBF7-3471-4A99-B741-C33A5FFA5543}
	EndGlobalSection
	GlobalSection(ExtensibilityGlobals) = postSolution
		SolutionGuid = {70B0FDE9-A9D6-4547-8A84-9F6230F502F7}
	EndGlobalSection
EndGlobal
